{"version":4,"terraform_version":"1.11.6","serial":14,"lineage":"c42b58b0-e35e-c1fe-f19a-dc85ef15b523","outputs":{},"resources":[{"mode":"managed","type":"cloudflare_dns_record","name":"apex","provider":"provider[\"registry.opentofu.org/cloudflare/cloudflare\"]","instances":[{"schema_version":500,"attributes":{"comment":"spark cloudflared tunnel","comment_modified_on":"2026-04-29T04:50:33Z","content":"64bce32c-6613-459c-bb68-262d73e1b78f.cfargotunnel.com","created_on":"2026-04-29T04:50:33Z","data":null,"id":"fac3b4f0ce4fa79c477198481e51d0e7","meta":"{}","modified_on":"2026-04-29T04:50:33Z","name":"harivan.sh","priority":null,"private_routing":null,"proxiable":true,"proxied":true,"settings":{"flatten_cname":false,"ipv4_only":false,"ipv6_only":false},"tags":[],"tags_modified_on":null,"ttl":1,"type":"CNAME","zone_id":"c2fef6f61afd37613d77dc08ad6890b7"},"sensitive_attributes":[]}]},{"mode":"managed","type":"cloudflare_dns_record","name":"caa_letsencrypt","provider":"provider[\"registry.opentofu.org/cloudflare/cloudflare\"]","instances":[{"schema_version":500,"attributes":{"comment":null,"comment_modified_on":null,"content":"0 issue \"letsencrypt.org\"","created_on":"2026-04-23T17:27:41Z","data":{"algorithm":null,"altitude":null,"certificate":null,"digest":null,"digest_type":null,"fingerprint":null,"flags":{"value":0,"type":"number"},"key_tag":null,"lat_degrees":null,"lat_direction":null,"lat_minutes":null,"lat_seconds":null,"long_degrees":null,"long_direction":null,"long_minutes":null,"long_seconds":null,"matching_type":null,"order":null,"port":null,"precision_horz":null,"precision_vert":null,"preference":null,"priority":null,"protocol":null,"public_key":null,"regex":null,"replacement":null,"selector":null,"service":null,"size":null,"tag":"issue","target":null,"type":null,"usage":null,"value":"letsencrypt.org","weight":null},"id":"afac7a4de8de1cd761f1a5e09acbf613","meta":"{}","modified_on":"2026-04-23T17:27:41Z","name":"harivan.sh","priority":null,"private_routing":null,"proxiable":false,"proxied":false,"settings":{"flatten_cname":null,"ipv4_only":null,"ipv6_only":null},"tags":[],"tags_modified_on":null,"ttl":1,"type":"CAA","zone_id":"c2fef6f61afd37613d77dc08ad6890b7"},"sensitive_attributes":[]}]},{"mode":"managed","type":"cloudflare_dns_record","name":"caa_pkigoog","provider":"provider[\"registry.opentofu.org/cloudflare/cloudflare\"]","instances":[{"schema_version":500,"attributes":{"comment":null,"comment_modified_on":null,"content":"0 issue \"pki.goog\"","created_on":"2026-04-23T17:27:41Z","data":{"algorithm":null,"altitude":null,"certificate":null,"digest":null,"digest_type":null,"fingerprint":null,"flags":{"value":0,"type":"number"},"key_tag":null,"lat_degrees":null,"lat_direction":null,"lat_minutes":null,"lat_seconds":null,"long_degrees":null,"long_direction":null,"long_minutes":null,"long_seconds":null,"matching_type":null,"order":null,"port":null,"precision_horz":null,"precision_vert":null,"preference":null,"priority":null,"protocol":null,"public_key":null,"regex":null,"replacement":null,"selector":null,"service":null,"size":null,"tag":"issue","target":null,"type":null,"usage":null,"value":"pki.goog","weight":null},"id":"b8689cf7db31c33db76d36766df34abc","meta":"{}","modified_on":"2026-04-23T17:27:41Z","name":"harivan.sh","priority":null,"private_routing":null,"proxiable":false,"proxied":false,"settings":{"flatten_cname":null,"ipv4_only":null,"ipv6_only":null},"tags":[],"tags_modified_on":null,"ttl":1,"type":"CAA","zone_id":"c2fef6f61afd37613d77dc08ad6890b7"},"sensitive_attributes":[]}]},{"mode":"managed","type":"cloudflare_dns_record","name":"caa_sectigo","provider":"provider[\"registry.opentofu.org/cloudflare/cloudflare\"]","instances":[{"schema_version":500,"attributes":{"comment":null,"comment_modified_on":null,"content":"0 issue \"sectigo.com\"","created_on":"2026-04-23T17:27:41Z","data":{"algorithm":null,"altitude":null,"certificate":null,"digest":null,"digest_type":null,"fingerprint":null,"flags":{"value":0,"type":"number"},"key_tag":null,"lat_degrees":null,"lat_direction":null,"lat_minutes":null,"lat_seconds":null,"long_degrees":null,"long_direction":null,"long_minutes":null,"long_seconds":null,"matching_type":null,"order":null,"port":null,"precision_horz":null,"precision_vert":null,"preference":null,"priority":null,"protocol":null,"public_key":null,"regex":null,"replacement":null,"selector":null,"service":null,"size":null,"tag":"issue","target":null,"type":null,"usage":null,"value":"sectigo.com","weight":null},"id":"50ae17e7a1794ed93f166f0237511f13","meta":"{}","modified_on":"2026-04-23T17:27:41Z","name":"harivan.sh","priority":null,"private_routing":null,"proxiable":false,"proxied":false,"settings":{"flatten_cname":null,"ipv4_only":null,"ipv6_only":null},"tags":[],"tags_modified_on":null,"ttl":1,"type":"CAA","zone_id":"c2fef6f61afd37613d77dc08ad6890b7"},"sensitive_attributes":[]}]},{"mode":"managed","type":"cloudflare_dns_record","name":"delta","provider":"provider[\"registry.opentofu.org/cloudflare/cloudflare\"]","instances":[{"schema_version":500,"attributes":{"comment":"spark cloudflared tunnel","comment_modified_on":"2026-04-23T21:12:19Z","content":"64bce32c-6613-459c-bb68-262d73e1b78f.cfargotunnel.com","created_on":"2026-04-23T17:36:34Z","data":null,"id":"dfa9112cd6a9f3986b4de8b46ae80118","meta":"{}","modified_on":"2026-04-23T21:12:19Z","name":"delta.harivan.sh","priority":null,"private_routing":null,"proxiable":true,"proxied":true,"settings":{"flatten_cname":false,"ipv4_only":false,"ipv6_only":false},"tags":[],"tags_modified_on":null,"ttl":1,"type":"CNAME","zone_id":"c2fef6f61afd37613d77dc08ad6890b7"},"sensitive_attributes":[]}]},{"mode":"managed","type":"cloudflare_dns_record","name":"git","provider":"provider[\"registry.opentofu.org/cloudflare/cloudflare\"]","instances":[{"schema_version":500,"attributes":{"comment":"spark cloudflared tunnel","comment_modified_on":"2026-04-23T22:13:42Z","content":"64bce32c-6613-459c-bb68-262d73e1b78f.cfargotunnel.com","created_on":"2026-04-23T17:27:41Z","data":null,"id":"3851364a52faa2bf8b6a34f6f19193d1","meta":"{}","modified_on":"2026-04-23T22:13:42Z","name":"git.harivan.sh","priority":null,"private_routing":null,"proxiable":true,"proxied":true,"settings":{"flatten_cname":false,"ipv4_only":false,"ipv6_only":false},"tags":[],"tags_modified_on":null,"ttl":1,"type":"CNAME","zone_id":"c2fef6f61afd37613d77dc08ad6890b7"},"sensitive_attributes":[]}]},{"mode":"managed","type":"cloudflare_dns_record","name":"mx_send","provider":"provider[\"registry.opentofu.org/cloudflare/cloudflare\"]","instances":[{"schema_version":500,"attributes":{"comment":null,"comment_modified_on":null,"content":"feedback-smtp.us-east-1.amazonses.com","created_on":"2026-04-23T17:27:41Z","data":null,"id":"5afdd57736777c219a1b0de0a0fcd489","meta":"{}","modified_on":"2026-04-23T17:27:41Z","name":"send.harivan.sh","priority":10,"private_routing":null,"proxiable":false,"proxied":false,"settings":{"flatten_cname":null,"ipv4_only":null,"ipv6_only":null},"tags":[],"tags_modified_on":null,"ttl":1,"type":"MX","zone_id":"c2fef6f61afd37613d77dc08ad6890b7"},"sensitive_attributes":[]}]},{"mode":"managed","type":"cloudflare_dns_record","name":"parakeet","provider":"provider[\"registry.opentofu.org/cloudflare/cloudflare\"]","instances":[{"schema_version":500,"attributes":{"comment":null,"comment_modified_on":null,"content":"64bce32c-6613-459c-bb68-262d73e1b78f.cfargotunnel.com","created_on":"2026-06-04T10:02:37Z","data":null,"id":"d9d018a6e2cd10cabe2aadf18c69eab8","meta":"{}","modified_on":"2026-06-04T10:02:37Z","name":"parakeet.harivan.sh","priority":null,"private_routing":null,"proxiable":true,"proxied":true,"settings":{"flatten_cname":false,"ipv4_only":false,"ipv6_only":false},"tags":[],"tags_modified_on":null,"ttl":1,"type":"CNAME","zone_id":"c2fef6f61afd37613d77dc08ad6890b7"},"sensitive_attributes":[]}]},{"mode":"managed","type":"cloudflare_dns_record","name":"status","provider":"provider[\"registry.opentofu.org/cloudflare/cloudflare\"]","instances":[{"schema_version":500,"attributes":{"comment":null,"comment_modified_on":null,"content":"statuspage.betteruptime.com","created_on":"2026-05-15T08:11:57Z","data":null,"id":"537e9261f55c2a25fda6cb4514d1f140","meta":"{}","modified_on":"2026-05-15T08:11:57Z","name":"status.harivan.sh","priority":null,"private_routing":null,"proxiable":true,"proxied":false,"settings":{"flatten_cname":false,"ipv4_only":false,"ipv6_only":false},"tags":[],"tags_modified_on":null,"ttl":3600,"type":"CNAME","zone_id":"c2fef6f61afd37613d77dc08ad6890b7"},"sensitive_attributes":[]}]},{"mode":"managed","type":"cloudflare_dns_record","name":"txt_dkim_resend","provider":"provider[\"registry.opentofu.org/cloudflare/cloudflare\"]","instances":[{"schema_version":500,"attributes":{"comment":null,"comment_modified_on":null,"content":"\"p=MIGfMA0GCSqGSIb3DQEBAQUAA4GNADCBiQKBgQDX1TsbsBSXUK0anX3yfVVrFqP0e1qCvFVnAlwqeRxFFENo1FzqewuDciyJQCmNBnwBJ/Xgfbbl62olYIHIgVzMzJryTJMiQEDponYGFyL2i+Wg84lXGC6AZIVIAm87os679k4jExE9LSea+sYRomFXmfol19ZvTUyiUagNwnahXwIDAQAB\"","created_on":"2026-04-23T17:27:41Z","data":null,"id":"e9d14bed1c79d9ae5619f832cac065ed","meta":"{}","modified_on":"2026-04-23T17:27:41Z","name":"resend._domainkey.harivan.sh","priority":null,"private_routing":null,"proxiable":false,"proxied":false,"settings":{"flatten_cname":null,"ipv4_only":null,"ipv6_only":null},"tags":[],"tags_modified_on":null,"ttl":1,"type":"TXT","zone_id":"c2fef6f61afd37613d77dc08ad6890b7"},"sensitive_attributes":[]}]},{"mode":"managed","type":"cloudflare_dns_record","name":"txt_dmarc","provider":"provider[\"registry.opentofu.org/cloudflare/cloudflare\"]","instances":[{"schema_version":500,"attributes":{"comment":null,"comment_modified_on":null,"content":"\"v=DMARC1; p=none; rua=mailto:dmarc@harivan.sh\"","created_on":"2026-05-01T22:51:26Z","data":null,"id":"6301c1b844d51d32f924c259ecb2d6ca","meta":"{}","modified_on":"2026-05-01T22:51:26Z","name":"_dmarc.harivan.sh","priority":null,"private_routing":null,"proxiable":false,"proxied":false,"settings":{"flatten_cname":null,"ipv4_only":null,"ipv6_only":null},"tags":[],"tags_modified_on":null,"ttl":1,"type":"TXT","zone_id":"c2fef6f61afd37613d77dc08ad6890b7"},"sensitive_attributes":[]}]},{"mode":"managed","type":"cloudflare_dns_record","name":"txt_spf_send","provider":"provider[\"registry.opentofu.org/cloudflare/cloudflare\"]","instances":[{"schema_version":500,"attributes":{"comment":null,"comment_modified_on":null,"content":"\"v=spf1 include:amazonses.com ~all\"","created_on":"2026-04-23T17:27:41Z","data":null,"id":"fa966f48aab1099c72e0ab9499bef842","meta":"{}","modified_on":"2026-04-23T17:27:41Z","name":"send.harivan.sh","priority":null,"private_routing":null,"proxiable":false,"proxied":false,"settings":{"flatten_cname":null,"ipv4_only":null,"ipv6_only":null},"tags":[],"tags_modified_on":null,"ttl":1,"type":"TXT","zone_id":"c2fef6f61afd37613d77dc08ad6890b7"},"sensitive_attributes":[]}]},{"mode":"managed","type":"cloudflare_dns_record","name":"vault","provider":"provider[\"registry.opentofu.org/cloudflare/cloudflare\"]","instances":[{"schema_version":500,"attributes":{"comment":"spark cloudflared tunnel","comment_modified_on":"2026-04-23T21:08:32Z","content":"64bce32c-6613-459c-bb68-262d73e1b78f.cfargotunnel.com","created_on":"2026-04-23T17:27:41Z","data":null,"id":"e69f1a2002b4db44905a707bf3fa3350","meta":"{}","modified_on":"2026-04-23T21:08:32Z","name":"vault.harivan.sh","priority":null,"private_routing":null,"proxiable":true,"proxied":true,"settings":{"flatten_cname":false,"ipv4_only":false,"ipv6_only":false},"tags":[],"tags_modified_on":null,"ttl":1,"type":"CNAME","zone_id":"c2fef6f61afd37613d77dc08ad6890b7"},"sensitive_attributes":[]}]},{"mode":"managed","type":"cloudflare_dns_record","name":"www","provider":"provider[\"registry.opentofu.org/cloudflare/cloudflare\"]","instances":[{"schema_version":500,"attributes":{"comment":"spark cloudflared tunnel","comment_modified_on":"2026-04-29T04:50:33Z","content":"64bce32c-6613-459c-bb68-262d73e1b78f.cfargotunnel.com","created_on":"2026-04-29T04:50:33Z","data":null,"id":"d1189d2d1fa8679124e440f1c33bf45a","meta":"{}","modified_on":"2026-04-29T04:50:33Z","name":"www.harivan.sh","priority":null,"private_routing":null,"proxiable":true,"proxied":true,"settings":{"flatten_cname":false,"ipv4_only":false,"ipv6_only":false},"tags":[],"tags_modified_on":null,"ttl":1,"type":"CNAME","zone_id":"c2fef6f61afd37613d77dc08ad6890b7"},"sensitive_attributes":[]}]}],"check_results":null}
